
Microsoft Visual Studio Solution File, Format Version 12.00
# Visual Studio Version 16
VisualStudioVersion = 25.0.1704.0
MinimumVisualStudioVersion = 10.0.40219.1
Project("{FAE04EC0-301F-11D3-BF4B-00C04F79EFBC}") = "CQG_SpellChecker", "CQG_SpellChecker\CQG_SpellChecker.csproj", "{EC783CF5-6B22-4E8D-A8C9-92ED2EBBD59E}"
EndProject
Global
	GlobalSection(SolutionConfigurationPlatforms) = preSolution
		Debug|Any CPU = Debug|Any CPU
		Release|Any CPU = Release|Any CPU
	EndGlobalSection
	GlobalSection(ProjectConfigurationPlatforms) = postSolution
		{EC783CF5-6B22-4E8D-A8C9-92ED2EBBD59E}.Debug|Any CPU.ActiveCfg = Debug|Any CPU
		{EC783CF5-6B22-4E8D-A8C9-92ED2EBBD59E}.Debug|Any CPU.Build.0 = Debug|Any CPU
		{EC783CF5-6B22-4E8D-A8C9-92ED2EBBD59E}.Release|Any CPU.ActiveCfg = Release|Any CPU
		{EC783CF5-6B22-4E8D-A8C9-92ED2EBBD59E}.Release|Any CPU.Build.0 = Release|Any CPU
	EndGlobalSection
	GlobalSection(SolutionProperties) = preSolution
		HideSolutionNode = FALSE
	EndGlobalSection
	GlobalSection(ExtensibilityGlobals) = postSolution
		SolutionGuid = {1B63A4D9-CD50-4644-9E93-A6AC2BA80A4B}
	EndGlobalSection
EndGlobal
